# This file is autogenerated, do not edit; changes may be undone by the next 'dep ensure'.


[[projects]]
  branch = "master"
  name = "github.com/dchest/uniuri"
  packages = ["."]
  revision = "8902c56451e9b58ff940bbe5fec35d5f9c04584a"

[[projects]]
  name = "github.com/garyburd/redigo"
  packages = ["internal","redis"]
  revision = "d1ed5c67e5794de818ea85e6b522fda02623a484"
  version = "v1.4.0"

[[projects]]
  branch = "master"
  name = "github.com/gin-contrib/sse"
  packages = ["."]
  revision = "22d885f9ecc78bf4ee5d72b937e4bbcdc58e8cae"

[[projects]]
  name = "github.com/gin-gonic/autotls"
  packages = ["."]
  revision = "5b3297bdcee778ff3bbdc99ab7c41e1c2677d22d"
  version = "0.0.1"

[[projects]]
  name = "github.com/gin-gonic/gin"
  packages = [".","binding","render"]
  revision = "d459835d2b077e44f7c9b453505ee29881d5d12d"
  version = "v1.2"

[[projects]]
  branch = "master"
  name = "github.com/golang/protobuf"
  packages = ["proto"]
  revision = "1e59b77b52bf8e4b449a57e6f79f21226d571845"

[[projects]]
  name = "github.com/kelseyhightower/envconfig"
  packages = ["."]
  revision = "f611eb38b3875cc3bd991ca91c51d06446afa14c"
  version = "v1.3.0"

[[projects]]
  name = "github.com/kennygrant/sanitize"
  packages = ["."]
  revision = "2e6820834a1f36c626bf19a253b7d3cc060e9b8b"
  version = "v1.2.3"

[[projects]]
  name = "github.com/mattn/go-isatty"
  packages = ["."]
  revision = "0360b2af4f38e8d38c7fce2a9f4e702702d73a39"
  version = "v0.0.3"

[[projects]]
  name = "github.com/mrjones/oauth"
  packages = ["."]
  revision = "3f67d9c274355678b2f9844b08d643e2f9213340"

[[projects]]
  branch = "master"
  name = "github.com/requilence/jobs"
  packages = ["."]
  revision = "47cfcd0e9cf8e5834b2c1185123609d3d54d4d2f"

[[projects]]
  branch = "master"
  name = "github.com/requilence/telegram-bot-api"
  packages = ["."]
  revision = "ce2732e6d01f85faca1809cf150d1e90fd1ad2fd"

[[projects]]
  branch = "master"
  name = "github.com/requilence/url"
  packages = ["."]
  revision = "6fc4fc0c65da72e95d19a8e5056e222a4f12357f"

[[projects]]
  name = "github.com/sirupsen/logrus"
  packages = ["."]
  revision = "d682213848ed68c0a260ca37d6dd5ace8423f5ba"
  version = "v1.0.4"

[[projects]]
  name = "github.com/technoweenie/multipartstreamer"
  packages = ["."]
  revision = "a90a01d73ae432e2611d178c18367fbaa13e0154"
  version = "v1.0.1"

[[projects]]
  branch = "master"
  name = "github.com/ugorji/go"
  packages = ["codec"]
  revision = "9831f2c3ac1068a78f50999a30db84270f647af6"

[[projects]]
  name = "github.com/vova616/xxhash"
  packages = ["."]
  revision = "f0a9a8b74d487f9563a527daf3bd6b4fbd3f5d00"

[[projects]]
  name = "github.com/weekface/mgorus"
  packages = ["."]
  revision = "83720e22971a8301c5b2738c9364accd3d9eb13a"

[[projects]]
  branch = "master"
  name = "golang.org/x/crypto"
  packages = ["acme","acme/autocert","ssh/terminal"]
  revision = "13931e22f9e72ea58bb73048bc752b48c6d4d4ac"

[[projects]]
  branch = "master"
  name = "golang.org/x/net"
  packages = ["context","context/ctxhttp","html","html/atom"]
  revision = "5ccada7d0a7ba9aeb5d3aca8d3501b4c2a509fec"

[[projects]]
  branch = "master"
  name = "golang.org/x/oauth2"
  packages = [".","internal"]
  revision = "b28fcf2b08a19742b43084fb40ab78ac6c3d8067"

[[projects]]
  branch = "master"
  name = "golang.org/x/sys"
  packages = ["unix","windows"]
  revision = "2c42eef0765b9837fbdab12011af7830f55f88f0"

[[projects]]
  name = "google.golang.org/appengine"
  packages = ["internal","internal/base","internal/datastore","internal/log","internal/remote_api","internal/urlfetch","urlfetch"]
  revision = "150dc57a1b433e64154302bdc40b6bb8aefa313a"
  version = "v1.0.0"

[[projects]]
  name = "gopkg.in/go-playground/validator.v8"
  packages = ["."]
  revision = "5f1438d3fca68893a817e4a66806cea46a9e4ebf"
  version = "v8.18.2"

[[projects]]
  branch = "v2"
  name = "gopkg.in/mgo.v2"
  packages = [".","bson","internal/json","internal/sasl","internal/scram"]
  revision = "3f83fa5005286a7fe593b055f0d7771a7dce4655"

[[projects]]
  branch = "v2"
  name = "gopkg.in/yaml.v2"
  packages = ["."]
  revision = "d670f9405373e636a5a2765eea47fac0c9bc91a4"

[solve-meta]
  analyzer-name = "dep"
  analyzer-version = 1
  inputs-digest = "97739088b9ee708b67aecaf3b33fbe8794be9a097ae35b4ddebabecd5a24d623"
  solver-name = "gps-cdcl"
  solver-version = 1
